
Microsoft Visual Studio Solution File, Format Version 12.00
# Visual Studio Version 16
VisualStudioVersion = 25.0.1700.0
MinimumVisualStudioVersion = 10.0.40219.1
Project("{FAE04EC0-301F-11D3-BF4B-00C04F79EFBC}") = "cs15_paskaita_Review", "cs15_paskaita_Review\cs15_paskaita_Review.csproj", "{10286017-4BF6-4A39-B548-693A8218881E}"
EndProject
Global
	GlobalSection(SolutionConfigurationPlatforms) = preSolution
		Debug|Any CPU = Debug|Any CPU
		Release|Any CPU = Release|Any CPU
	EndGlobalSection
	GlobalSection(ProjectConfigurationPlatforms) = postSolution
		{10286017-4BF6-4A39-B548-693A8218881E}.Debug|Any CPU.ActiveCfg = Debug|Any CPU
		{10286017-4BF6-4A39-B548-693A8218881E}.Debug|Any CPU.Build.0 = Debug|Any CPU
		{10286017-4BF6-4A39-B548-693A8218881E}.Release|Any CPU.ActiveCfg = Release|Any CPU
		{10286017-4BF6-4A39-B548-693A8218881E}.Release|Any CPU.Build.0 = Release|Any CPU
	EndGlobalSection
	GlobalSection(SolutionProperties) = preSolution
		HideSolutionNode = FALSE
	EndGlobalSection
	GlobalSection(ExtensibilityGlobals) = postSolution
		SolutionGuid = {75E2F1F0-BB31-4C34-885B-AD3F85FF16B6}
	EndGlobalSection
EndGlobal
